# THIS IS AN AUTOGENERATED FILE. DO NOT EDIT THIS FILE DIRECTLY.
# yarn lockfile v1


"@graphql-typed-document-node/core@^3.2.0":
  version "3.2.0"
  resolved "https://registry.yarnpkg.com/@graphql-typed-document-node/core/-/core-3.2.0.tgz#5f3d96ec6b2354ad6d8a28bf216a1d97b5426861"
  integrity sha512-mB9oAsNCm9aM3/SOv4YtBMqZbYj10R7dkq8byBqxGY/ncFwhf2oQzMV+LCRlWoDSEBJ3COiR1yeDvMtsoOsuFQ==

"@heroicons/react@^2.0.13":
  version "2.2.0"
  resolved "https://registry.yarnpkg.com/@heroicons/react/-/react-2.2.0.tgz#0c05124af50434a800773abec8d3af6a297d904b"
  integrity sha512-LMcepvRaS9LYHJGsF0zzmgKCUim/X3N/DQKc4jepAXJ7l8QxJ1PmxJzqplF2Z3FE4PqBAIGyJAQ/w4B5dsqbtQ==

"@next/env@13.1.1":
  version "13.1.1"
  resolved "https://registry.yarnpkg.com/@next/env/-/env-13.1.1.tgz#6ff26488dc7674ef2bfdd1ca28fe43eed1113bea"
  integrity sha512-vFMyXtPjSAiOXOywMojxfKIqE3VWN5RCAx+tT3AS3pcKjMLFTCJFUWsKv8hC+87Z1F4W3r68qTwDFZIFmd5Xkw==

"@next/swc-android-arm-eabi@13.1.1":
  version "13.1.1"
  resolved "https://registry.yarnpkg.com/@next/swc-android-arm-eabi/-/swc-android-arm-eabi-13.1.1.tgz#b5c3cd1f79d5c7e6a3b3562785d4e5ac3555b9e1"
  integrity sha512-qnFCx1kT3JTWhWve4VkeWuZiyjG0b5T6J2iWuin74lORCupdrNukxkq9Pm+Z7PsatxuwVJMhjUoYz7H4cWzx2A==

"@next/swc-android-arm64@13.1.1":
  version "13.1.1"
  resolved "https://registry.yarnpkg.com/@next/swc-android-arm64/-/swc-android-arm64-13.1.1.tgz#e2ca9ccbba9ef770cb19fbe96d1ac00fe4cb330d"
  integrity sha512-eCiZhTzjySubNqUnNkQCjU3Fh+ep3C6b5DCM5FKzsTH/3Gr/4Y7EiaPZKILbvnXmhWtKPIdcY6Zjx51t4VeTfA==

"@next/swc-darwin-arm64@13.1.1":
  version "13.1.1"
  resolved "https://registry.yarnpkg.com/@next/swc-darwin-arm64/-/swc-darwin-arm64-13.1.1.tgz#4af00877332231bbd5a3703435fdd0b011e74767"
  integrity sha512-9zRJSSIwER5tu9ADDkPw5rIZ+Np44HTXpYMr0rkM656IvssowPxmhK0rTreC1gpUCYwFsRbxarUJnJsTWiutPg==

"@next/swc-darwin-x64@13.1.1":
  version "13.1.1"
  resolved "https://registry.yarnpkg.com/@next/swc-darwin-x64/-/swc-darwin-x64-13.1.1.tgz#bf4cb09e7e6ec6d91e031118dde2dd17078bcbbc"
  integrity sha512-qWr9qEn5nrnlhB0rtjSdR00RRZEtxg4EGvicIipqZWEyayPxhUu6NwKiG8wZiYZCLfJ5KWr66PGSNeDMGlNaiA==

"@next/swc-freebsd-x64@13.1.1":
  version "13.1.1"
  resolved "https://registry.yarnpkg.com/@next/swc-freebsd-x64/-/swc-freebsd-x64-13.1.1.tgz#6933ea1264328e8523e28818f912cd53824382d4"
  integrity sha512-UwP4w/NcQ7V/VJEj3tGVszgb4pyUCt3lzJfUhjDMUmQbzG9LDvgiZgAGMYH6L21MoyAATJQPDGiAMWAPKsmumA==

"@next/swc-linux-arm-gnueabihf@13.1.1":
  version "13.1.1"
  resolved "https://registry.yarnpkg.com/@next/swc-linux-arm-gnueabihf/-/swc-linux-arm-gnueabihf-13.1.1.tgz#b5896967aaba3873d809c3ad2e2039e89acde419"
  integrity sha512-CnsxmKHco9sosBs1XcvCXP845Db+Wx1G0qouV5+Gr+HT/ZlDYEWKoHVDgnJXLVEQzq4FmHddBNGbXvgqM1Gfkg==

"@next/swc-linux-arm64-gnu@13.1.1":
  version "13.1.1"
  resolved "https://registry.yarnpkg.com/@next/swc-linux-arm64-gnu/-/swc-linux-arm64-gnu-13.1.1.tgz#91b3e9ea8575b1ded421c0ea0739b7bccf228469"
  integrity sha512-JfDq1eri5Dif+VDpTkONRd083780nsMCOKoFG87wA0sa4xL8LGcXIBAkUGIC1uVy9SMsr2scA9CySLD/i+Oqiw==

"@next/swc-linux-arm64-musl@13.1.1":
  version "13.1.1"
  resolved "https://registry.yarnpkg.com/@next/swc-linux-arm64-musl/-/swc-linux-arm64-musl-13.1.1.tgz#83149ea05d7d55f3664d608dbe004c0d125f9147"
  integrity sha512-GA67ZbDq2AW0CY07zzGt07M5b5Yaq5qUpFIoW3UFfjOPgb0Sqf3DAW7GtFMK1sF4ROHsRDMGQ9rnT0VM2dVfKA==

"@next/swc-linux-x64-gnu@13.1.1":
  version "13.1.1"
  resolved "https://registry.yarnpkg.com/@next/swc-linux-x64-gnu/-/swc-linux-x64-gnu-13.1.1.tgz#d7d0777b56de0dd82b78055772e13e18594a15ca"
  integrity sha512-nnjuBrbzvqaOJaV+XgT8/+lmXrSCOt1YYZn/irbDb2fR2QprL6Q7WJNgwsZNxiLSfLdv+2RJGGegBx9sLBEzGA==

"@next/swc-linux-x64-musl@13.1.1":
  version "13.1.1"
  resolved "https://registry.yarnpkg.com/@next/swc-linux-x64-musl/-/swc-linux-x64-musl-13.1.1.tgz#41655722b127133cd95ab5bc8ca1473e9ab6876f"
  integrity sha512-CM9xnAQNIZ8zf/igbIT/i3xWbQZYaF397H+JroF5VMOCUleElaMdQLL5riJml8wUfPoN3dtfn2s4peSr3azz/g==

"@next/swc-win32-arm64-msvc@13.1.1":
  version "13.1.1"
  resolved "https://registry.yarnpkg.com/@next/swc-win32-arm64-msvc/-/swc-win32-arm64-msvc-13.1.1.tgz#f10da3dfc9b3c2bbd202f5d449a9b807af062292"
  integrity sha512-pzUHOGrbgfGgPlOMx9xk3QdPJoRPU+om84hqVoe6u+E0RdwOG0Ho/2UxCgDqmvpUrMab1Deltlt6RqcXFpnigQ==

"@next/swc-win32-ia32-msvc@13.1.1":
  version "13.1.1"
  resolved "https://registry.yarnpkg.com/@next/swc-win32-ia32-msvc/-/swc-win32-ia32-msvc-13.1.1.tgz#4c0102b9b18ece15c818056d07e3917ee9dade78"
  integrity sha512-WeX8kVS46aobM9a7Xr/kEPcrTyiwJqQv/tbw6nhJ4fH9xNZ+cEcyPoQkwPo570dCOLz3Zo9S2q0E6lJ/EAUOBg==

"@next/swc-win32-x64-msvc@13.1.1":
  version "13.1.1"
  resolved "https://registry.yarnpkg.com/@next/swc-win32-x64-msvc/-/swc-win32-x64-msvc-13.1.1.tgz#c209a37da13be27b722f9c40c40ab4b094866244"
  integrity sha512-mVF0/3/5QAc5EGVnb8ll31nNvf3BWpPY4pBb84tk+BfQglWLqc5AC9q1Ht/YMWiEgs8ALNKEQ3GQnbY0bJF2Gg==

"@swc/helpers@0.4.14":
  version "0.4.14"
  resolved "https://registry.yarnpkg.com/@swc/helpers/-/helpers-0.4.14.tgz#1352ac6d95e3617ccb7c1498ff019654f1e12a74"
  integrity sha512-4C7nX/dvpzB7za4Ql9K81xK3HPxCpHMgwTZVyf+9JQ6VUbn9jjZVN7/Nkdz/Ugzs2CSjqnL/UPXroiVBVHUWUw==
  dependencies:
    tslib "^2.4.0"

"@tailwindcss/line-clamp@^0.4.2":
  version "0.4.4"
  resolved "https://registry.yarnpkg.com/@tailwindcss/line-clamp/-/line-clamp-0.4.4.tgz#767cf8e5d528a5d90c9740ca66eb079f5e87d423"
  integrity sha512-5U6SY5z8N42VtrCrKlsTAA35gy2VSyYtHWCsg1H87NU1SXnEfekTVlrga9fzUDrrHcGi2Lb5KenUWb4lRQT5/g==

"@types/node@22.10.5":
  version "22.10.5"
  resolved "https://registry.yarnpkg.com/@types/node/-/node-22.10.5.tgz#95af89a3fb74a2bb41ef9927f206e6472026e48b"
  integrity sha512-F8Q+SeGimwOo86fiovQh8qiXfFEh2/ocYv7tU5pJ3EXMSSxk1Joj5wefpFK2fHTf/N6HKGSxIDBT9f3gCxXPkQ==
  dependencies:
    undici-types "~6.20.0"

"@types/prop-types@*":
  version "15.7.11"
  resolved "https://registry.yarnpkg.com/@types/prop-types/-/prop-types-15.7.11.tgz#2596fb352ee96a1379c657734d4b913a613ad563"
  integrity sha512-ga8y9v9uyeiLdpKddhxYQkxNDrfvuPrlFb0N1qnZZByvcElJaXthF1UhvCh9TLWJBEHeNtdnbysW7Y6Uq8CVng==

"@types/react-dom@18.3.5":
  version "18.3.5"
  resolved "https://registry.yarnpkg.com/@types/react-dom/-/react-dom-18.3.5.tgz#45f9f87398c5dcea085b715c58ddcf1faf65f716"
  integrity sha512-P4t6saawp+b/dFrUr2cvkVsfvPguwsxtH6dNIYRllMsefqFzkZk5UIjzyDOv5g1dXIPdG4Sp1yCR4Z6RCUsG/Q==

"@types/react-timeago@^4.1.3":
  version "4.1.7"
  resolved "https://registry.yarnpkg.com/@types/react-timeago/-/react-timeago-4.1.7.tgz#0c589e329180ce2cbfba1fd54904613152d841b7"
  integrity sha512-ogD4Ror/hDG+pQggCX+TgPgJ8W2jeeUxsgNU485Qpm0Ma+E2TND2EJuKwK5+sxlkDXDEgsHradO0zWBkTgLzNg==
  dependencies:
    "@types/react" "*"

"@types/react@*":
  version "18.2.45"
  resolved "https://registry.yarnpkg.com/@types/react/-/react-18.2.45.tgz#253f4fac288e7e751ab3dc542000fb687422c15c"
  integrity sha512-TtAxCNrlrBp8GoeEp1npd5g+d/OejJHFxS3OWmrPBMFaVQMSN0OFySozJio5BHxTuTeug00AVXVAjfDSfk+lUg==
  dependencies:
    "@types/prop-types" "*"
    "@types/scheduler" "*"
    csstype "^3.0.2"

"@types/react@18.3.18":
  version "18.3.18"
  resolved "https://registry.yarnpkg.com/@types/react/-/react-18.3.18.tgz#9b382c4cd32e13e463f97df07c2ee3bbcd26904b"
  integrity sha512-t4yC+vtgnkYjNSKlFx1jkAhH8LgTo2N/7Qvi83kdEaUtMDiwpbLAktKDaAMlRcJ5eSxZkH74eEGt1ky31d7kfQ==
  dependencies:
    "@types/prop-types" "*"
    csstype "^3.0.2"

"@types/scheduler@*":
  version "0.16.8"
  resolved "https://registry.yarnpkg.com/@types/scheduler/-/scheduler-0.16.8.tgz#ce5ace04cfeabe7ef87c0091e50752e36707deff"
  integrity sha512-WZLiwShhwLRmeV6zH+GkbOFT6Z6VklCItrDioxUnv+u4Ll+8vKeFySoFyK/0ctcRpOmwAicELfmys1sDc/Rw+A==

autoprefixer@^10.4.12:
  version "10.4.20"
  resolved "https://registry.yarnpkg.com/autoprefixer/-/autoprefixer-10.4.20.tgz#5caec14d43976ef42e32dcb4bd62878e96be5b3b"
  integrity sha512-XY25y5xSv/wEoqzDyXXME4AFfkZI0P23z6Fs3YgymDnKJkCGOnkL0iTxCa85UTqaSgfcqyf3UA6+c7wUvx/16g==
  dependencies:
    browserslist "^4.23.3"
    caniuse-lite "^1.0.30001646"
    fraction.js "^4.3.7"
    normalize-range "^0.1.2"
    picocolors "^1.0.1"
    postcss-value-parser "^4.2.0"

browserslist@^4.23.3:
  version "4.23.3"
  resolved "https://registry.yarnpkg.com/browserslist/-/browserslist-4.23.3.tgz#debb029d3c93ebc97ffbc8d9cbb03403e227c800"
  integrity sha512-btwCFJVjI4YWDNfau8RhZ+B1Q/VLoUITrm3RlP6y1tYGWIOa+InuYiRGXUBXo8nA1qKmHMyLB/iVQg5TT4eFoA==
  dependencies:
    caniuse-lite "^1.0.30001646"
    electron-to-chromium "^1.5.4"
    node-releases "^2.0.18"
    update-browserslist-db "^1.1.0"

caniuse-lite@^1.0.30001406:
  version "1.0.30001441"
  resolved "https://registry.yarnpkg.com/caniuse-lite/-/caniuse-lite-1.0.30001441.tgz#987437b266260b640a23cd18fbddb509d7f69f3e"
  integrity sha512-OyxRR4Vof59I3yGWXws6i908EtGbMzVUi3ganaZQHmydk1iwDhRnvaPG2WaR0KcqrDFKrxVZHULT396LEPhXfg==

caniuse-lite@^1.0.30001646:
  version "1.0.30001646"
  resolved "https://registry.yarnpkg.com/caniuse-lite/-/caniuse-lite-1.0.30001646.tgz#d472f2882259ba032dd73ee069ff01bfd059b25d"
  integrity sha512-dRg00gudiBDDTmUhClSdv3hqRfpbOnU28IpI1T6PBTLWa+kOj0681C8uML3PifYfREuBrVjDGhL3adYpBT6spw==

client-only@0.0.1:
  version "0.0.1"
  resolved "https://registry.yarnpkg.com/client-only/-/client-only-0.0.1.tgz#38bba5d403c41ab150bff64a95c85013cf73bca1"
  integrity sha512-IV3Ou0jSMzZrd3pZ48nLkT9DA7Ag1pnPzaiQhpW7c3RbcqqzvzzVu+L8gfqMp/8IM2MQtSiqaCxrrcfu8I8rMA==

csstype@^3.0.2:
  version "3.1.3"
  resolved "https://registry.yarnpkg.com/csstype/-/csstype-3.1.3.tgz#d80ff294d114fb0e6ac500fbf85b60137d7eff81"
  integrity sha512-M1uQkMl8rQK/szD0LNhtqxIPLpimGm8sOBwU7lLnCpSbTyY3yeU1Vc7l4KT5zT4s/yOxHH5O7tIuuLOCnLADRw==

electron-to-chromium@^1.5.4:
  version "1.5.4"
  resolved "https://registry.yarnpkg.com/electron-to-chromium/-/electron-to-chromium-1.5.4.tgz#cd477c830dd6fca41fbd5465c1ff6ce08ac22343"
  integrity sha512-orzA81VqLyIGUEA77YkVA1D+N+nNfl2isJVjjmOyrlxuooZ19ynb+dOlaDTqd/idKRS9lDCSBmtzM+kyCsMnkA==

encoding@^0.1.13:
  version "0.1.13"
  resolved "https://registry.yarnpkg.com/encoding/-/encoding-0.1.13.tgz#56574afdd791f54a8e9b2785c0582a2d26210fa9"
  integrity sha512-ETBauow1T35Y/WZMkio9jiM0Z5xjHHmJ4XmjZOq1l/dXz3lr2sRn87nJy20RupqSh1F2m3HHPSp8ShIPQJrJ3A==
  dependencies:
    iconv-lite "^0.6.2"

escalade@^3.1.2:
  version "3.1.2"
  resolved "https://registry.yarnpkg.com/escalade/-/escalade-3.1.2.tgz#54076e9ab29ea5bf3d8f1ed62acffbb88272df27"
  integrity sha512-ErCHMCae19vR8vQGe50xIsVomy19rg6gFu3+r3jkEO46suLMWBksvVyoGgQV+jOfl84ZSOSlmv6Gxa89PmTGmA==

fraction.js@^4.3.7:
  version "4.3.7"
  resolved "https://registry.yarnpkg.com/fraction.js/-/fraction.js-4.3.7.tgz#06ca0085157e42fda7f9e726e79fefc4068840f7"
  integrity sha512-ZsDfxO51wGAXREY55a7la9LScWpwv9RxIrYABrlvOFBlH/ShPnrtsXeuUIfXKKOVicNxQ+o8JTbJvjS4M89yew==

graphql-request@^7.0.0:
  version "7.1.2"
  resolved "https://registry.yarnpkg.com/graphql-request/-/graphql-request-7.1.2.tgz#52d7fd6d8d08c9f0b00c84a091376ce9fbdfa945"
  integrity sha512-+XE3iuC55C2di5ZUrB4pjgwe+nIQBuXVIK9J98wrVwojzDW3GMdSBZfxUk8l4j9TieIpjpggclxhNEU9ebGF8w==
  dependencies:
    "@graphql-typed-document-node/core" "^3.2.0"

graphql@^16.6.0:
  version "16.10.0"
  resolved "https://registry.yarnpkg.com/graphql/-/graphql-16.10.0.tgz#24c01ae0af6b11ea87bf55694429198aaa8e220c"
  integrity sha512-AjqGKbDGUFRKIRCP9tCKiIGHyriz2oHEbPIbEtcSLSs4YjReZOIPQQWek4+6hjw62H9QShXHyaGivGiYVLeYFQ==

iconv-lite@^0.6.2:
  version "0.6.3"
  resolved "https://registry.yarnpkg.com/iconv-lite/-/iconv-lite-0.6.3.tgz#a52f80bf38da1952eb5c681790719871a1a72501"
  integrity sha512-4fCk79wshMdzMp2rH06qWrJE4iolqLhCUH+OiuIgU++RB0+94NlDL81atO7GX55uUKueo0txHNtvEyI6D7WdMw==
  dependencies:
    safer-buffer ">= 2.1.2 < 3.0.0"

"js-tokens@^3.0.0 || ^4.0.0":
  version "4.0.0"
  resolved "https://registry.yarnpkg.com/js-tokens/-/js-tokens-4.0.0.tgz#19203fb59991df98e3a287050d4647cdeaf32499"
  integrity sha512-RdJUflcE3cUzKiMqQgsCu06FPu9UdIJO0beYbPhHN4k6apgJtifcoCtT9bcxOpYBtpD2kCM6Sbzg4CausW/PKQ==

loose-envify@^1.1.0:
  version "1.4.0"
  resolved "https://registry.yarnpkg.com/loose-envify/-/loose-envify-1.4.0.tgz#71ee51fa7be4caec1a63839f7e682d8132d30caf"
  integrity sha512-lyuxPGr/Wfhrlem2CL/UcnUc1zcqKAImBDzukY7Y5F/yQiNdko6+fRLevlw1HgMySw7f611UIY408EtxRSoK3Q==
  dependencies:
    js-tokens "^3.0.0 || ^4.0.0"

nanoid@^3.3.6:
  version "3.3.6"
  resolved "https://registry.yarnpkg.com/nanoid/-/nanoid-3.3.6.tgz#443380c856d6e9f9824267d960b4236ad583ea4c"
  integrity sha512-BGcqMMJuToF7i1rt+2PWSNVnWIkGCU78jBG3RxO/bZlnZPK2Cmi2QaffxGO/2RvWi9sL+FAiRiXMgsyxQ1DIDA==

nanoid@^3.3.7:
  version "3.3.8"
  resolved "https://registry.yarnpkg.com/nanoid/-/nanoid-3.3.8.tgz#b1be3030bee36aaff18bacb375e5cce521684baf"
  integrity sha512-WNLf5Sd8oZxOm+TzppcYk8gVOgP+l58xNy58D0nbUnOxOWRWvlcCV4kUF7ltmI6PsrLl/BgKEyS4mqsGChFN0w==

next-themes@^0.4.0:
  version "0.4.4"
  resolved "https://registry.yarnpkg.com/next-themes/-/next-themes-0.4.4.tgz#ce6f68a4af543821bbc4755b59c0d3ced55c2d13"
  integrity sha512-LDQ2qIOJF0VnuVrrMSMLrWGjRMkq+0mpgl6e0juCLqdJ+oo8Q84JRWT6Wh11VDQKkMMe+dVzDKLWs5n87T+PkQ==

next@latest:
  version "13.1.1"
  resolved "https://registry.yarnpkg.com/next/-/next-13.1.1.tgz#42b825f650410649aff1017d203a088d77c80b5b"
  integrity sha512-R5eBAaIa3X7LJeYvv1bMdGnAVF4fVToEjim7MkflceFPuANY3YyvFxXee/A+acrSYwYPvOvf7f6v/BM/48ea5w==
  dependencies:
    "@next/env" "13.1.1"
    "@swc/helpers" "0.4.14"
    caniuse-lite "^1.0.30001406"
    postcss "8.4.14"
    styled-jsx "5.1.1"
  optionalDependencies:
    "@next/swc-android-arm-eabi" "13.1.1"
    "@next/swc-android-arm64" "13.1.1"
    "@next/swc-darwin-arm64" "13.1.1"
    "@next/swc-darwin-x64" "13.1.1"
    "@next/swc-freebsd-x64" "13.1.1"
    "@next/swc-linux-arm-gnueabihf" "13.1.1"
    "@next/swc-linux-arm64-gnu" "13.1.1"
    "@next/swc-linux-arm64-musl" "13.1.1"
    "@next/swc-linux-x64-gnu" "13.1.1"
    "@next/swc-linux-x64-musl" "13.1.1"
    "@next/swc-win32-arm64-msvc" "13.1.1"
    "@next/swc-win32-ia32-msvc" "13.1.1"
    "@next/swc-win32-x64-msvc" "13.1.1"

node-releases@^2.0.18:
  version "2.0.18"
  resolved "https://registry.yarnpkg.com/node-releases/-/node-releases-2.0.18.tgz#f010e8d35e2fe8d6b2944f03f70213ecedc4ca3f"
  integrity sha512-d9VeXT4SJ7ZeOqGX6R5EM022wpL+eWPooLI+5UpWn2jCT1aosUQEhQP214x33Wkwx3JQMvIm+tIoVOdodFS40g==

normalize-range@^0.1.2:
  version "0.1.2"
  resolved "https://registry.yarnpkg.com/normalize-range/-/normalize-range-0.1.2.tgz#2d10c06bdfd312ea9777695a4d28439456b75942"
  integrity sha512-bdok/XvKII3nUpklnV6P2hxtMNrCboOjAcyBuQnWEhO665FwrSNRxU+AqpsyvO6LgGYPspN+lu5CLtw4jPRKNA==

picocolors@^1.0.0:
  version "1.1.0"
  resolved "https://registry.yarnpkg.com/picocolors/-/picocolors-1.1.0.tgz#5358b76a78cde483ba5cef6a9dc9671440b27d59"
  integrity sha512-TQ92mBOW0l3LeMeyLV6mzy/kWr8lkd/hp3mTg7wYK7zJhuBStmGMBG0BdeDZS/dZx1IukaX6Bk11zcln25o1Aw==

picocolors@^1.0.1:
  version "1.0.1"
  resolved "https://registry.yarnpkg.com/picocolors/-/picocolors-1.0.1.tgz#a8ad579b571952f0e5d25892de5445bcfe25aaa1"
  integrity sha512-anP1Z8qwhkbmu7MFP5iTt+wQKXgwzf7zTyGlcdzabySa9vd0Xt392U0rVmz9poOaBj0uHJKyyo9/upk0HrEQew==

picocolors@^1.1.1:
  version "1.1.1"
  resolved "https://registry.yarnpkg.com/picocolors/-/picocolors-1.1.1.tgz#3d321af3eab939b083c8f929a1d12cda81c26b6b"
  integrity sha512-xceH2snhtb5M9liqDsmEw56le376mTZkEX/jEb/RxNFyegNul7eNslCXP9FDj/Lcu0X8KEyMceP2ntpaHrDEVA==

postcss-value-parser@^4.2.0:
  version "4.2.0"
  resolved "https://registry.yarnpkg.com/postcss-value-parser/-/postcss-value-parser-4.2.0.tgz#723c09920836ba6d3e5af019f92bc0971c02e514"
  integrity sha512-1NNCs6uurfkVbeXG4S8JFT9t19m45ICnif8zWLd5oPSZ50QnwMfK+H3jv408d4jw/7Bttv5axS5IiHoLaVNHeQ==

postcss@8.4.14:
  version "8.4.14"
  resolved "https://registry.yarnpkg.com/postcss/-/postcss-8.4.14.tgz#ee9274d5622b4858c1007a74d76e42e56fd21caf"
  integrity sha512-E398TUmfAYFPBSdzgeieK2Y1+1cpdxJx8yXbK/m57nRhKSmk1GB2tO4lbLBtlkfPQTDKfe4Xqv1ASWPpayPEig==
  dependencies:
    nanoid "^3.3.6"
    picocolors "^1.0.0"
    source-map-js "^1.0.2"

postcss@^8.4.18:
  version "8.4.49"
  resolved "https://registry.yarnpkg.com/postcss/-/postcss-8.4.49.tgz#4ea479048ab059ab3ae61d082190fabfd994fe19"
  integrity sha512-OCVPnIObs4N29kxTjzLfUryOkvZEq+pf8jTF0lg8E7uETuWHA+v7j3c/xJmiqpX450191LlmZfUKkXxkTry7nA==
  dependencies:
    nanoid "^3.3.7"
    picocolors "^1.1.1"
    source-map-js "^1.2.1"

react-dom@18.3.1:
  version "18.3.1"
  resolved "https://registry.yarnpkg.com/react-dom/-/react-dom-18.3.1.tgz#c2265d79511b57d479b3dd3fdfa51536494c5cb4"
  integrity sha512-5m4nQKp+rZRb09LNH59GM4BxTh9251/ylbKIbpe7TpGxfJ+9kv6BLkLBXIjjspbgbnIBNqlI23tRnTWT0snUIw==
  dependencies:
    loose-envify "^1.1.0"
    scheduler "^0.23.2"

react-timeago@^7.1.0:
  version "7.2.0"
  resolved "https://registry.yarnpkg.com/react-timeago/-/react-timeago-7.2.0.tgz#ae929d7423a63cbc3dc228e49d22fbf586d459ca"
  integrity sha512-2KsBEEs+qRhKx/kekUVNSTIpop3Jwd7SRBm0R4Eiq3mPeswRGSsftY9FpKsE/lXLdURyQFiHeHFrIUxLYskG5g==

react@18.3.1:
  version "18.3.1"
  resolved "https://registry.yarnpkg.com/react/-/react-18.3.1.tgz#49ab892009c53933625bd16b2533fc754cab2891"
  integrity sha512-wS+hAgJShR0KhEvPJArfuPVN1+Hz1t0Y6n5jLrGQbkb4urgPE/0Rve+1kMB1v/oWgHgm4WIcV+i7F2pTVj+2iQ==
  dependencies:
    loose-envify "^1.1.0"

"safer-buffer@>= 2.1.2 < 3.0.0":
  version "2.1.2"
  resolved "https://registry.yarnpkg.com/safer-buffer/-/safer-buffer-2.1.2.tgz#44fa161b0187b9549dd84bb91802f9bd8385cd6a"
  integrity sha512-YZo3K82SD7Riyi0E1EQPojLz7kpepnSQI9IyPbHHg1XXXevb5dJI7tpyN2ADxGcQbHG7vcyRHk0cbwqcQriUtg==

scheduler@^0.23.2:
  version "0.23.2"
  resolved "https://registry.yarnpkg.com/scheduler/-/scheduler-0.23.2.tgz#414ba64a3b282892e944cf2108ecc078d115cdc3"
  integrity sha512-UOShsPwz7NrMUqhR6t0hWjFduvOzbtv7toDH1/hIrfRNIDBnnBWd0CwJTGvTpngVlmwGCdP9/Zl/tVrDqcuYzQ==
  dependencies:
    loose-envify "^1.1.0"

source-map-js@^1.0.2:
  version "1.0.2"
  resolved "https://registry.yarnpkg.com/source-map-js/-/source-map-js-1.0.2.tgz#adbc361d9c62df380125e7f161f71c826f1e490c"
  integrity sha512-R0XvVJ9WusLiqTCEiGCmICCMplcCkIwwR11mOSD9CR5u+IXYdiseeEuXCVAjS54zqwkLcPNnmU4OeJ6tUrWhDw==

source-map-js@^1.2.1:
  version "1.2.1"
  resolved "https://registry.yarnpkg.com/source-map-js/-/source-map-js-1.2.1.tgz#1ce5650fddd87abc099eda37dcff024c2667ae46"
  integrity sha512-UXWMKhLOwVKb728IUtQPXxfYU+usdybtUrK/8uGE8CQMvrhOpwvzDBwj0QhSL7MQc7vIsISBG8VQ8+IDQxpfQA==

styled-jsx@5.1.1:
  version "5.1.1"
  resolved "https://registry.yarnpkg.com/styled-jsx/-/styled-jsx-5.1.1.tgz#839a1c3aaacc4e735fed0781b8619ea5d0009d1f"
  integrity sha512-pW7uC1l4mBZ8ugbiZrcIsiIvVx1UmTfw7UkC3Um2tmfUq9Bhk8IiyEIPl6F8agHgjzku6j0xQEZbfA5uSgSaCw==
  dependencies:
    client-only "0.0.1"

tailwindcss@^4.0.0:
  version "4.0.0"
  resolved "https://registry.yarnpkg.com/tailwindcss/-/tailwindcss-4.0.0.tgz#1f275ed16eb4127cb70bf5e9f53fb8eb7b72be3c"
  integrity sha512-ULRPI3A+e39T7pSaf1xoi58AqqJxVCLg8F/uM5A3FadUbnyDTgltVnXJvdkTjwCOGA6NazqHVcwPJC5h2vRYVQ==

tslib@^2.4.0:
  version "2.4.1"
  resolved "https://registry.yarnpkg.com/tslib/-/tslib-2.4.1.tgz#0d0bfbaac2880b91e22df0768e55be9753a5b17e"
  integrity sha512-tGyy4dAjRIEwI7BzsB0lynWgOpfqjUdq91XXAlIWD2OwKBH7oCl/GZG/HT4BOHrTlPMOASlMQ7veyTqpmRcrNA==

typescript@5.7.2:
  version "5.7.2"
  resolved "https://registry.yarnpkg.com/typescript/-/typescript-5.7.2.tgz#3169cf8c4c8a828cde53ba9ecb3d2b1d5dd67be6"
  integrity sha512-i5t66RHxDvVN40HfDd1PsEThGNnlMCMT3jMUuoh9/0TaqWevNontacunWyN02LA9/fIbEWlcHZcgTKb9QoaLfg==

undici-types@~6.20.0:
  version "6.20.0"
  resolved "https://registry.yarnpkg.com/undici-types/-/undici-types-6.20.0.tgz#8171bf22c1f588d1554d55bf204bc624af388433"
  integrity sha512-Ny6QZ2Nju20vw1SRHe3d9jVu6gJ+4e3+MMpqu7pqE5HT6WsTSlce++GQmK5UXS8mzV8DSYHrQH+Xrf2jVcuKNg==

update-browserslist-db@^1.1.0:
  version "1.1.0"
  resolved "https://registry.yarnpkg.com/update-browserslist-db/-/update-browserslist-db-1.1.0.tgz#7ca61c0d8650766090728046e416a8cde682859e"
  integrity sha512-EdRAaAyk2cUE1wOf2DkEhzxqOQvFOoRJFNS6NeyJ01Gp2beMRpBAINjM2iDXE3KCuKhwnvHIQCJm6ThL2Z+HzQ==
  dependencies:
    escalade "^3.1.2"
    picocolors "^1.0.1"
